
Microsoft Visual Studio Solution File, Format Version 12.00
# Visual Studio 14
VisualStudioVersion = 14.0.25420.1
MinimumVisualStudioVersion = 10.0.40219.1
Project("{FAE04EC0-301F-11D3-BF4B-00C04F79EFBC}") = "Jacks.Services", "Jacks.Services\Jacks.Services.csproj", "{D087E727-8688-4219-B2AA-6DBEA8F1716E}"
EndProject
Project("{FAE04EC0-301F-11D3-BF4B-00C04F79EFBC}") = "Jacks.Interfaces", "Jacks.Interfaces\Jacks.Interfaces.csproj", "{3CCCBC05-0823-445A-B54F-597CC49E2587}"
EndProject
Project("{FAE04EC0-301F-11D3-BF4B-00C04F79EFBC}") = "Jacks.Models", "Jacks.Models\Jacks.Models.csproj", "{2B9D0496-1E22-474E-84A0-DE9A30FDA99E}"
EndProject
Project("{FAE04EC0-301F-11D3-BF4B-00C04F79EFBC}") = "Jacks.UI", "Jacks.UI\Jacks.UI.csproj", "{FBFB56C9-F395-4E5B-966E-408B488604B7}"
EndProject
Global
	GlobalSection(SolutionConfigurationPlatforms) = preSolution
		Debug|Any CPU = Debug|Any CPU
		Release|Any CPU = Release|Any CPU
	EndGlobalSection
	GlobalSection(ProjectConfigurationPlatforms) = postSolution
		{D087E727-8688-4219-B2AA-6DBEA8F1716E}.Debug|Any CPU.ActiveCfg = Debug|Any CPU
		{D087E727-8688-4219-B2AA-6DBEA8F1716E}.Debug|Any CPU.Build.0 = Debug|Any CPU
		{D087E727-8688-4219-B2AA-6DBEA8F1716E}.Release|Any CPU.ActiveCfg = Release|Any CPU
		{D087E727-8688-4219-B2AA-6DBEA8F1716E}.Release|Any CPU.Build.0 = Release|Any CPU
		{3CCCBC05-0823-445A-B54F-597CC49E2587}.Debug|Any CPU.ActiveCfg = Debug|Any CPU
		{3CCCBC05-0823-445A-B54F-597CC49E2587}.Debug|Any CPU.Build.0 = Debug|Any CPU
		{3CCCBC05-0823-445A-B54F-597CC49E2587}.Release|Any CPU.ActiveCfg = Release|Any CPU
		{3CCCBC05-0823-445A-B54F-597CC49E2587}.Release|Any CPU.Build.0 = Release|Any CPU
		{2B9D0496-1E22-474E-84A0-DE9A30FDA99E}.Debug|Any CPU.ActiveCfg = Debug|Any CPU
		{2B9D0496-1E22-474E-84A0-DE9A30FDA99E}.Debug|Any CPU.Build.0 = Debug|Any CPU
		{2B9D0496-1E22-474E-84A0-DE9A30FDA99E}.Release|Any CPU.ActiveCfg = Release|Any CPU
		{2B9D0496-1E22-474E-84A0-DE9A30FDA99E}.Release|Any CPU.Build.0 = Release|Any CPU
		{FBFB56C9-F395-4E5B-966E-408B488604B7}.Debug|Any CPU.ActiveCfg = Debug|Any CPU
		{FBFB56C9-F395-4E5B-966E-408B488604B7}.Debug|Any CPU.Build.0 = Debug|Any CPU
		{FBFB56C9-F395-4E5B-966E-408B488604B7}.Release|Any CPU.ActiveCfg = Release|Any CPU
		{FBFB56C9-F395-4E5B-966E-408B488604B7}.Release|Any CPU.Build.0 = Release|Any CPU
	EndGlobalSection
	GlobalSection(SolutionProperties) = preSolution
		HideSolutionNode = FALSE
	EndGlobalSection
EndGlobal
